Microsoft Visual Studio Solution File, Format Version 12.00
# Visual Studio Version 17
VisualStudioVersion = 17.9.0.0
MinimumVisualStudioVersion = 10.0.40219.1
Project("{FAE04EC0-301F-11D3-BF4B-00C04F79EFBC}") = "Catarinense.Domain", "src\Catarinense.Domain\Catarinense.Domain.csproj", "{45F5E2FE-0842-4F67-B869-6887C5F00748}"
EndProject
Project("{FAE04EC0-301F-11D3-BF4B-00C04F79EFBC}") = "Catarinense.Application", "src\Catarinense.Application\Catarinense.Application.csproj", "{F9AEF265-2F3B-4F72-84BB-019DE83FA7B8}"
EndProject
Project("{FAE04EC0-301F-11D3-BF4B-00C04F79EFBC}") = "Catarinense.Infrastructure", "src\Catarinense.Infrastructure\Catarinense.Infrastructure.csproj", "{F3BC7A39-37FA-4927-93DC-ACE693640A0A}"
EndProject
Project("{FAE04EC0-301F-11D3-BF4B-00C04F79EFBC}") = "Catarinense.API", "src\Catarinense.API\Catarinense.API.csproj", "{EA5A032E-899B-4BC3-A4F8-DA0DB341CA94}"
EndProject
Global
	GlobalSection(SolutionConfigurationPlatforms) = preSolution
		Debug|Any CPU = Debug|Any CPU
		Release|Any CPU = Release|Any CPU
	EndGlobalSection
	GlobalSection(ProjectConfigurationPlatforms) = postSolution
		{45F5E2FE-0842-4F67-B869-6887C5F00748}.Debug|Any CPU.ActiveCfg = Debug|Any CPU
		{45F5E2FE-0842-4F67-B869-6887C5F00748}.Debug|Any CPU.Build.0 = Debug|Any CPU
		{45F5E2FE-0842-4F67-B869-6887C5F00748}.Release|Any CPU.ActiveCfg = Release|Any CPU
		{45F5E2FE-0842-4F67-B869-6887C5F00748}.Release|Any CPU.Build.0 = Release|Any CPU
		{F9AEF265-2F3B-4F72-84BB-019DE83FA7B8}.Debug|Any CPU.ActiveCfg = Debug|Any CPU
		{F9AEF265-2F3B-4F72-84BB-019DE83FA7B8}.Debug|Any CPU.Build.0 = Debug|Any CPU
		{F9AEF265-2F3B-4F72-84BB-019DE83FA7B8}.Release|Any CPU.ActiveCfg = Release|Any CPU
		{F9AEF265-2F3B-4F72-84BB-019DE83FA7B8}.Release|Any CPU.Build.0 = Release|Any CPU
		{F3BC7A39-37FA-4927-93DC-ACE693640A0A}.Debug|Any CPU.ActiveCfg = Debug|Any CPU
		{F3BC7A39-37FA-4927-93DC-ACE693640A0A}.Debug|Any CPU.Build.0 = Debug|Any CPU
		{F3BC7A39-37FA-4927-93DC-ACE693640A0A}.Release|Any CPU.ActiveCfg = Release|Any CPU
		{F3BC7A39-37FA-4927-93DC-ACE693640A0A}.Release|Any CPU.Build.0 = Release|Any CPU
		{EA5A032E-899B-4BC3-A4F8-DA0DB341CA94}.Debug|Any CPU.ActiveCfg = Debug|Any CPU
		{EA5A032E-899B-4BC3-A4F8-DA0DB341CA94}.Debug|Any CPU.Build.0 = Debug|Any CPU
		{EA5A032E-899B-4BC3-A4F8-DA0DB341CA94}.Release|Any CPU.ActiveCfg = Release|Any CPU
		{EA5A032E-899B-4BC3-A4F8-DA0DB341CA94}.Release|Any CPU.Build.0 = Release|Any CPU
	EndGlobalSection
	GlobalSection(SolutionProperties) = preSolution
		HideSolutionProperties = FALSE
	EndGlobalSection
EndGlobal
